
Microsoft Visual Studio Solution File, Format Version 12.00
# Visual Studio Version 17
VisualStudioVersion = 17.14.36429.23 d17.14
MinimumVisualStudioVersion = 10.0.40219.1
Project("{FAE04EC0-301F-11D3-BF4B-00C04F79EFBC}") = "Hospital", "Hospital\Hospital.csproj", "{AC4171BA-338E-4C4E-B95A-1AB5E88EB25A}"
EndProject
Global
	GlobalSection(SolutionConfigurationPlatforms) = preSolution
		Debug|Any CPU = Debug|Any CPU
		Release|Any CPU = Release|Any CPU
	EndGlobalSection
	GlobalSection(ProjectConfigurationPlatforms) = postSolution
		{AC4171BA-338E-4C4E-B95A-1AB5E88EB25A}.Debug|Any CPU.ActiveCfg = Debug|Any CPU
		{AC4171BA-338E-4C4E-B95A-1AB5E88EB25A}.Debug|Any CPU.Build.0 = Debug|Any CPU
		{AC4171BA-338E-4C4E-B95A-1AB5E88EB25A}.Release|Any CPU.ActiveCfg = Release|Any CPU
		{AC4171BA-338E-4C4E-B95A-1AB5E88EB25A}.Release|Any CPU.Build.0 = Release|Any CPU
	EndGlobalSection
	GlobalSection(SolutionProperties) = preSolution
		HideSolutionNode = FALSE
	EndGlobalSection
	GlobalSection(ExtensibilityGlobals) = postSolution
		SolutionGuid = {B4568A8D-9B08-4DEA-9AC5-A9A83FBADAC8}
	EndGlobalSection
EndGlobal
